{
  "name": "werewolf",
  "version": "1.12.0",
  "lockfileVersion": 1,
  "requires": true,
  "dependencies": {
    "addressparser": {
      "version": "https://registry.npmjs.org/addressparser/-/addressparser-1.0.1.tgz",
      "integrity": "sha1-R6++GiqSYhkdtoOOT9HTm0CCF0Y="
    },
    "amdefine": {
      "version": "1.0.1",
      "resolved": "https://registry.npmjs.org/amdefine/-/amdefine-1.0.1.tgz",
      "integrity": "sha1-SlKCrBZHKek2Gbz9OtFR+BfOkfU="
    },
    "base64id": {
      "version": "0.1.0",
      "resolved": "https://registry.npmjs.org/base64id/-/base64id-0.1.0.tgz",
      "integrity": "sha1-As4P3u4M709ACA4ec+g08LG/zj8="
    },
    "bson": {
      "version": "1.0.4",
      "resolved": "https://registry.npmjs.org/bson/-/bson-1.0.4.tgz",
      "integrity": "sha1-k8ENOeqltYQVy8QFLz5T5WKwtyw="
    },
    "buffer-shims": {
      "version": "1.0.0",
      "resolved": "https://registry.npmjs.org/buffer-shims/-/buffer-shims-1.0.0.tgz",
      "integrity": "sha1-mXjOMXOIxkmth5MCjDR37wRKi1E="
    },
    "buildmail": {
      "version": "https://registry.npmjs.org/buildmail/-/buildmail-4.0.1.tgz",
      "integrity": "sha1-h393OLeHKYccmhBeO4N9K+EaenI=",
      "requires": {
        "addressparser": "https://registry.npmjs.org/addressparser/-/addressparser-1.0.1.tgz",
        "libbase64": "https://registry.npmjs.org/libbase64/-/libbase64-0.1.0.tgz",
        "libmime": "https://registry.npmjs.org/libmime/-/libmime-3.0.0.tgz",
        "libqp": "https://registry.npmjs.org/libqp/-/libqp-1.1.0.tgz",
        "nodemailer-fetch": "https://registry.npmjs.org/nodemailer-fetch/-/nodemailer-fetch-1.6.0.tgz",
        "nodemailer-shared": "https://registry.npmjs.org/nodemailer-shared/-/nodemailer-shared-1.1.0.tgz",
        "punycode": "https://registry.npmjs.org/punycode/-/punycode-1.4.1.tgz"
      }
    },
    "chokidar": {
      "version": "0.6.3",
      "resolved": "https://registry.npmjs.org/chokidar/-/chokidar-0.6.3.tgz",
      "integrity": "sha1-6Flo+iNfIXc9OIxhevCFvyEEQlo="
    },
    "core-util-is": {
      "version": "1.0.2",
      "resolved": "https://registry.npmjs.org/core-util-is/-/core-util-is-1.0.2.tgz",
      "integrity": "sha1-tf1UIgqivFq1eqtxQMlAdUUDwac="
    },
    "cron": {
      "version": "1.2.1",
      "resolved": "https://registry.npmjs.org/cron/-/cron-1.2.1.tgz",
      "integrity": "sha1-OobAm0G48mGshjp8yF6kc1hX6rI=",
      "requires": {
        "moment-timezone": "0.5.13"
      }
    },
    "css-parse": {
      "version": "1.7.0",
      "resolved": "https://registry.npmjs.org/css-parse/-/css-parse-1.7.0.tgz",
      "integrity": "sha1-Mh9s9zeCpv91ERE5D8BeLGV9jJs="
    },
    "csv": {
      "version": "1.1.1",
      "resolved": "https://registry.npmjs.org/csv/-/csv-1.1.1.tgz",
      "integrity": "sha1-2ZUtWbH5ZKevvN2ATWgYpzGZpHc=",
      "requires": {
        "csv-generate": "1.0.0",
        "csv-parse": "1.2.0",
        "csv-stringify": "1.0.4",
        "stream-transform": "0.1.2"
      }
    },
    "csv-generate": {
      "version": "1.0.0",
      "resolved": "https://registry.npmjs.org/csv-generate/-/csv-generate-1.0.0.tgz",
      "integrity": "sha1-vVKIaFnQySXz5R9g86vtJi+hXK8="
    },
    "csv-parse": {
      "version": "1.2.0",
      "resolved": "https://registry.npmjs.org/csv-parse/-/csv-parse-1.2.0.tgz",
      "integrity": "sha1-BHtzhoq5qFdG6IX2N/ntD7ZFpCU="
    },
    "csv-stringify": {
      "version": "1.0.4",
      "resolved": "https://registry.npmjs.org/csv-stringify/-/csv-stringify-1.0.4.tgz",
      "integrity": "sha1-vBi6ua1M7zGV/SV5gLWLR5xC0+U=",
      "requires": {
        "lodash.get": "4.4.2"
      }
    },
    "debug": {
      "version": "2.2.0",
      "resolved": "https://registry.npmjs.org/debug/-/debug-2.2.0.tgz",
      "integrity": "sha1-+HBX6ZWxofauaklgZkE3vFbwOdo=",
      "requires": {
        "ms": "0.7.1"
      },
      "dependencies": {
        "ms": {
          "version": "0.7.1",
          "resolved": "https://registry.npmjs.org/ms/-/ms-0.7.1.tgz",
          "integrity": "sha1-nNE8A62/8ltl7/3nzoZO6VIBcJg="
        }
      }
    },
    "es6-promise": {
      "version": "3.2.1",
      "resolved": "https://registry.npmjs.org/es6-promise/-/es6-promise-3.2.1.tgz",
      "integrity": "sha1-7FYjOGgDKQkgcXDDlEjiREndH8Q="
    },
    "formidable": {
      "version": "1.0.11",
      "resolved": "https://registry.npmjs.org/formidable/-/formidable-1.0.11.tgz",
      "integrity": "sha1-aPYzJaA15kS297s9ESQ7l2HeGzA="
    },
    "httpntlm": {
      "version": "https://registry.npmjs.org/httpntlm/-/httpntlm-1.6.1.tgz",
      "integrity": "sha1-rQFScUOi6Hc8+uapb1hla7UqNLI=",
      "requires": {
        "httpreq": "https://registry.npmjs.org/httpreq/-/httpreq-0.4.23.tgz",
        "underscore": "https://registry.npmjs.org/underscore/-/underscore-1.7.0.tgz"
      }
    },
    "httpreq": {
      "version": "https://registry.npmjs.org/httpreq/-/httpreq-0.4.23.tgz",
      "integrity": "sha1-D0YP4MeBApvK1/R8rQjebMETAhI="
    },
    "iconv-lite": {
      "version": "https://registry.npmjs.org/iconv-lite/-/iconv-lite-0.4.15.tgz",
      "integrity": "sha1-/iZaIYrGpXz+hUkn6dBMGYJe3es="
    },
    "inherits": {
      "version": "2.0.3",
      "resolved": "https://registry.npmjs.org/inherits/-/inherits-2.0.3.tgz",
      "integrity": "sha1-Yzwsg+PaQqUC9SRmAiSA9CCCYd4="
    },
    "ip": {
      "version": "https://registry.npmjs.org/ip/-/ip-1.1.4.tgz",
      "integrity": "sha1-3oJH/++UBFGDJVD7ooSUXm4Dm/s="
    },
    "isarray": {
      "version": "1.0.0",
      "resolved": "https://registry.npmjs.org/isarray/-/isarray-1.0.0.tgz",
      "integrity": "sha1-u5NdSFgsuhaMBoNJV6VKPgcSTxE="
    },
    "jade": {
      "version": "0.26.3",
      "resolved": "https://registry.npmjs.org/jade/-/jade-0.26.3.tgz",
      "integrity": "sha1-jxDXl32NefL2/4YqgbBRPMslaGw=",
      "requires": {
        "commander": "0.6.1",
        "mkdirp": "0.3.0"
      },
      "dependencies": {
        "commander": {
          "version": "0.6.1",
          "resolved": "https://registry.npmjs.org/commander/-/commander-0.6.1.tgz",
          "integrity": "sha1-+mihT2qUXVTbvlDYzbMyDp47GgY="
        }
      }
    },
    "libbase64": {
      "version": "https://registry.npmjs.org/libbase64/-/libbase64-0.1.0.tgz",
      "integrity": "sha1-YjUag5VjrF/1vSbxL2Dpgwu3UeY="
    },
    "libmime": {
      "version": "https://registry.npmjs.org/libmime/-/libmime-3.0.0.tgz",
      "integrity": "sha1-UaGp50SOy9Ms2lRCFnW7IbwJPaY=",
      "requires": {
        "iconv-lite": "https://registry.npmjs.org/iconv-lite/-/iconv-lite-0.4.15.tgz",
        "libbase64": "https://registry.npmjs.org/libbase64/-/libbase64-0.1.0.tgz",
        "libqp": "https://registry.npmjs.org/libqp/-/libqp-1.1.0.tgz"
      }
    },
    "libqp": {
      "version": "https://registry.npmjs.org/libqp/-/libqp-1.1.0.tgz",
      "integrity": "sha1-9ebgatdLeU+1tbZpiL9yjvHe2+g="
    },
    "lodash.get": {
      "version": "4.4.2",
      "resolved": "https://registry.npmjs.org/lodash.get/-/lodash.get-4.4.2.tgz",
      "integrity": "sha1-LRd/ZS+jHpObRDjVNBSZ36OCXpk="
    },
    "lru-cache": {
      "version": "2.7.3",
      "resolved": "https://registry.npmjs.org/lru-cache/-/lru-cache-2.7.3.tgz",
      "integrity": "sha1-bUUk6LlV+V1PW1iFHOId1y+06VI="
    },
    "mailcomposer": {
      "version": "https://registry.npmjs.org/mailcomposer/-/mailcomposer-4.0.1.tgz",
      "integrity": "sha1-DhxEsqB890DuF9wUm6AJ8Zyt/rQ=",
      "requires": {
        "buildmail": "https://registry.npmjs.org/buildmail/-/buildmail-4.0.1.tgz",
        "libmime": "https://registry.npmjs.org/libmime/-/libmime-3.0.0.tgz"
      }
    },
    "mkdirp": {
      "version": "0.3.0",
      "resolved": "https://registry.npmjs.org/mkdirp/-/mkdirp-0.3.0.tgz",
      "integrity": "sha1-G79asbqCevI1dRQ0kEJkVfSB/h4="
    },
    "moment": {
      "version": "2.18.1",
      "resolved": "https://registry.npmjs.org/moment/-/moment-2.18.1.tgz",
      "integrity": "sha1-w2GT3Tzhwu7SrbfIAtu8d6gbHA8="
    },
    "moment-timezone": {
      "version": "0.5.13",
      "resolved": "https://registry.npmjs.org/moment-timezone/-/moment-timezone-0.5.13.tgz",
      "integrity": "sha1-mc5cfYJyYusPH3AgRBd/YHRde5A=",
      "requires": {
        "moment": "2.18.1"
      }
    },
    "mongodb": {
      "version": "2.2.33",
      "resolved": "https://registry.npmjs.org/mongodb/-/mongodb-2.2.33.tgz",
      "integrity": "sha1-tTfEcdNKZlG0jzb9vyl1A0Dgi1A=",
      "requires": {
        "es6-promise": "3.2.1",
        "mongodb-core": "2.1.17",
        "readable-stream": "2.2.7"
      }
    },
    "mongodb-core": {
      "version": "2.1.17",
      "resolved": "https://registry.npmjs.org/mongodb-core/-/mongodb-core-2.1.17.tgz",
      "integrity": "sha1-pBizN6FKFJkPtRC5I97mqBMXPfg=",
      "requires": {
        "bson": "1.0.4",
        "require_optional": "1.0.1"
      }
    },
    "nib": {
      "version": "1.0.4",
      "resolved": "https://registry.npmjs.org/nib/-/nib-1.0.4.tgz",
      "integrity": "sha1-A9OXwnojHzyaWhkOqmjl154vA0U=",
      "requires": {
        "stylus": "0.45.1"
      },
      "dependencies": {
        "glob": {
          "version": "3.2.11",
          "resolved": "https://registry.npmjs.org/glob/-/glob-3.2.11.tgz",
          "integrity": "sha1-Spc/Y1uRkPcV0QmH1cAP0oFevj0=",
          "requires": {
            "inherits": "2.0.3",
            "minimatch": "0.3.0"
          }
        },
        "minimatch": {
          "version": "0.3.0",
          "resolved": "https://registry.npmjs.org/minimatch/-/minimatch-0.3.0.tgz",
          "integrity": "sha1-J12O2qxPG7MyZHIInnlJyDlGmd0=",
          "requires": {
            "lru-cache": "2.7.3",
            "sigmund": "1.0.1"
          }
        },
        "stylus": {
          "version": "0.45.1",
          "resolved": "https://registry.npmjs.org/stylus/-/stylus-0.45.1.tgz",
          "integrity": "sha1-72n2LJhKSArcDJ1KqvsjgqOJ5FM=",
          "requires": {
            "css-parse": "1.7.0",
            "debug": "2.2.0",
            "glob": "3.2.11",
            "mkdirp": "0.3.0",
            "sax": "0.5.8"
          }
        }
      }
    },
    "nodemailer": {
      "version": "https://registry.npmjs.org/nodemailer/-/nodemailer-2.7.2.tgz",
      "integrity": "sha1-8kLmSa7q45tsftdA73sGHEBNMPk=",
      "requires": {
        "libmime": "https://registry.npmjs.org/libmime/-/libmime-3.0.0.tgz",
        "mailcomposer": "https://registry.npmjs.org/mailcomposer/-/mailcomposer-4.0.1.tgz",
        "nodemailer-direct-transport": "https://registry.npmjs.org/nodemailer-direct-transport/-/nodemailer-direct-transport-3.3.2.tgz",
        "nodemailer-shared": "https://registry.npmjs.org/nodemailer-shared/-/nodemailer-shared-1.1.0.tgz",
        "nodemailer-smtp-pool": "https://registry.npmjs.org/nodemailer-smtp-pool/-/nodemailer-smtp-pool-2.8.2.tgz",
        "nodemailer-smtp-transport": "https://registry.npmjs.org/nodemailer-smtp-transport/-/nodemailer-smtp-transport-2.7.2.tgz",
        "socks": "https://registry.npmjs.org/socks/-/socks-1.1.9.tgz"
      }
    },
    "nodemailer-direct-transport": {
      "version": "https://registry.npmjs.org/nodemailer-direct-transport/-/nodemailer-direct-transport-3.3.2.tgz",
      "integrity": "sha1-6W+vuQNYVglH5WkBfZfmBzilCoY=",
      "requires": {
        "nodemailer-shared": "https://registry.npmjs.org/nodemailer-shared/-/nodemailer-shared-1.1.0.tgz",
        "smtp-connection": "https://registry.npmjs.org/smtp-connection/-/smtp-connection-2.12.0.tgz"
      }
    },
    "nodemailer-fetch": {
      "version": "https://registry.npmjs.org/nodemailer-fetch/-/nodemailer-fetch-1.6.0.tgz",
      "integrity": "sha1-ecSQihwPXzdbc/6IjamCj23JY6Q="
    },
    "nodemailer-shared": {
      "version": "https://registry.npmjs.org/nodemailer-shared/-/nodemailer-shared-1.1.0.tgz",
      "integrity": "sha1-z1mU4v0mjQD1zw+nZ6CBae2wfsA=",
      "requires": {
        "nodemailer-fetch": "https://registry.npmjs.org/nodemailer-fetch/-/nodemailer-fetch-1.6.0.tgz"
      }
    },
    "nodemailer-smtp-pool": {
      "version": "https://registry.npmjs.org/nodemailer-smtp-pool/-/nodemailer-smtp-pool-2.8.2.tgz",
      "integrity": "sha1-LrlNbPhXgLG0clzoU7nL1ejajHI=",
      "requires": {
        "nodemailer-shared": "https://registry.npmjs.org/nodemailer-shared/-/nodemailer-shared-1.1.0.tgz",
        "nodemailer-wellknown": "https://registry.npmjs.org/nodemailer-wellknown/-/nodemailer-wellknown-0.1.10.tgz",
        "smtp-connection": "https://registry.npmjs.org/smtp-connection/-/smtp-connection-2.12.0.tgz"
      }
    },
    "nodemailer-smtp-transport": {
      "version": "https://registry.npmjs.org/nodemailer-smtp-transport/-/nodemailer-smtp-transport-2.7.2.tgz",
      "integrity": "sha1-A9ccdjFPFKx9vHvwM6am0W1n+3c=",
      "requires": {
        "nodemailer-shared": "https://registry.npmjs.org/nodemailer-shared/-/nodemailer-shared-1.1.0.tgz",
        "nodemailer-wellknown": "https://registry.npmjs.org/nodemailer-wellknown/-/nodemailer-wellknown-0.1.10.tgz",
        "smtp-connection": "https://registry.npmjs.org/smtp-connection/-/smtp-connection-2.12.0.tgz"
      }
    },
    "nodemailer-wellknown": {
      "version": "https://registry.npmjs.org/nodemailer-wellknown/-/nodemailer-wellknown-0.1.10.tgz",
      "integrity": "sha1-WG24EB2zDLRDjrVGc3pBqtDPE9U="
    },
    "ntwitter": {
      "version": "0.5.0",
      "resolved": "https://registry.npmjs.org/ntwitter/-/ntwitter-0.5.0.tgz",
      "integrity": "sha1-MMQBBfgkMvqJVqT3ZV3pMq9jFTQ=",
      "requires": {
        "cookies": "0.1.6",
        "keygrip": "0.2.4",
        "oauth": "0.9.15"
      },
      "dependencies": {
        "cookies": {
          "version": "0.1.6",
          "resolved": "https://registry.npmjs.org/cookies/-/cookies-0.1.6.tgz",
          "integrity": "sha1-ISlYi4seOC/7qZDZ+c+d3ywUKEY="
        },
        "keygrip": {
          "version": "0.2.4",
          "resolved": "https://registry.npmjs.org/keygrip/-/keygrip-0.2.4.tgz",
          "integrity": "sha1-ndGy5IWhFiydTm94feh/xQ+HvFg="
        }
      }
    },
    "oauth": {
      "version": "0.9.15",
      "resolved": "https://registry.npmjs.org/oauth/-/oauth-0.9.15.tgz",
      "integrity": "sha1-vR/vr2hslrdUda7VGWQS/2DPucE="
    },
    "optimist": {
      "version": "0.3.7",
      "resolved": "https://registry.npmjs.org/optimist/-/optimist-0.3.7.tgz",
      "integrity": "sha1-yQlBrVnkJzMokjB00s8ufLxuwNk=",
      "requires": {
        "wordwrap": "0.0.2"
      }
    },
    "options": {
      "version": "0.0.6",
      "resolved": "https://registry.npmjs.org/options/-/options-0.0.6.tgz",
      "integrity": "sha1-7CLTEoBrtT5zF3Pnza788cZDEo8="
    },
    "pause": {
      "version": "0.0.1",
      "resolved": "https://registry.npmjs.org/pause/-/pause-0.0.1.tgz",
      "integrity": "sha1-HUCLP9t2kjuVQ9lvtMnf1TXZy10="
    },
    "process-nextick-args": {
      "version": "1.0.7",
      "resolved": "https://registry.npmjs.org/process-nextick-args/-/process-nextick-args-1.0.7.tgz",
      "integrity": "sha1-FQ4gt1ZZCtP5EJPyWk8q2L/zC6M="
    },
    "punycode": {
      "version": "https://registry.npmjs.org/punycode/-/punycode-1.4.1.tgz",
      "integrity": "sha1-wNWmOycYgArY4esPpSachN1BhF4="
    },
    "readable-stream": {
      "version": "2.2.7",
      "resolved": "https://registry.npmjs.org/readable-stream/-/readable-stream-2.2.7.tgz",
      "integrity": "sha1-BwV6y+JGeyIELTb5jFrVBwVOlbE=",
      "requires": {
        "buffer-shims": "1.0.0",
        "core-util-is": "1.0.2",
        "inherits": "2.0.3",
        "isarray": "1.0.0",
        "process-nextick-args": "1.0.7",
        "string_decoder": "1.0.3",
        "util-deprecate": "1.0.2"
      }
    },
    "require_optional": {
      "version": "1.0.1",
      "resolved": "https://registry.npmjs.org/require_optional/-/require_optional-1.0.1.tgz",
      "integrity": "sha512-qhM/y57enGWHAe3v/NcwML6a3/vfESLe/sGM2dII+gEO0BpKRUkWZow/tyloNqJyN6kXSl3RyyM8Ll5D/sJP8g==",
      "requires": {
        "resolve-from": "2.0.0",
        "semver": "5.4.1"
      },
      "dependencies": {
        "semver": {
          "version": "5.4.1",
          "resolved": "https://registry.npmjs.org/semver/-/semver-5.4.1.tgz",
          "integrity": "sha512-WfG/X9+oATh81XtllIo/I8gOiY9EXRdv1cQdyykeXK17YcUW3EXUAi2To4pcH6nZtJPr7ZOpM5OMyWJZm+8Rsg=="
        }
      }
    },
    "resolve-from": {
      "version": "2.0.0",
      "resolved": "https://registry.npmjs.org/resolve-from/-/resolve-from-2.0.0.tgz",
      "integrity": "sha1-lICrIOlP+h2egKgEx+oUdhGWa1c="
    },
    "safe-buffer": {
      "version": "5.1.1",
      "resolved": "https://registry.npmjs.org/safe-buffer/-/safe-buffer-5.1.1.tgz",
      "integrity": "sha512-kKvNJn6Mm93gAczWVJg7wH+wGYWNrDHdWvpUmHyEsgCtIwwo3bqPtV4tR5tuPaUhTOo/kvhVwd8XwwOllGYkbg=="
    },
    "sax": {
      "version": "0.5.8",
      "resolved": "https://registry.npmjs.org/sax/-/sax-0.5.8.tgz",
      "integrity": "sha1-1HLbIo6zMcJQaw6MFVJK25OdEsE="
    },
    "semver": {
      "version": "1.0.14",
      "resolved": "https://registry.npmjs.org/semver/-/semver-1.0.14.tgz",
      "integrity": "sha1-ysXi1Vpvv5WMsiCuhEBFBxx49nY="
    },
    "sigmund": {
      "version": "1.0.1",
      "resolved": "https://registry.npmjs.org/sigmund/-/sigmund-1.0.1.tgz",
      "integrity": "sha1-P/IfGYytIXX587eBhT/ZTQ0ZtZA="
    },
    "smart-buffer": {
      "version": "https://registry.npmjs.org/smart-buffer/-/smart-buffer-1.1.15.tgz",
      "integrity": "sha1-fxFLW2X6s+KjWqd1uxLw0cZJvxY="
    },
    "smtp-connection": {
      "version": "https://registry.npmjs.org/smtp-connection/-/smtp-connection-2.12.0.tgz",
      "integrity": "sha1-1275EnyyPCJZ7bHoNJwujV4tdME=",
      "requires": {
        "httpntlm": "https://registry.npmjs.org/httpntlm/-/httpntlm-1.6.1.tgz",
        "nodemailer-shared": "https://registry.npmjs.org/nodemailer-shared/-/nodemailer-shared-1.1.0.tgz"
      }
    },
    "socketstream": {
      "version": "0.3.10",
      "resolved": "https://registry.npmjs.org/socketstream/-/socketstream-0.3.10.tgz",
      "integrity": "sha1-IhXm5fvpF5k1YiWXxybUFutRscA=",
      "requires": {
        "apitree": "1.1.0",
        "chokidar": "0.6.3",
        "clean-css": "0.4.2",
        "colors": "0.6.0-1",
        "commander": "0.6.1",
        "connect": "2.4.5",
        "connect-redis": "1.4.4",
        "engine.io": "0.7.9",
        "eventemitter2": "0.4.9",
        "redis": "0.8.1",
        "semver": "1.0.14",
        "uglify-js": "1.3.3"
      },
      "dependencies": {
        "apitree": {
          "version": "1.1.0",
          "resolved": "https://registry.npmjs.org/apitree/-/apitree-1.1.0.tgz",
          "integrity": "sha1-WBW7W+6yqE2t9uJBzMUuAD8cVW8="
        },
        "bytes": {
          "version": "0.1.0",
          "resolved": "https://registry.npmjs.org/bytes/-/bytes-0.1.0.tgz",
          "integrity": "sha1-xXSBIigSbWNp0VdpJahXnbP45aI="
        },
        "clean-css": {
          "version": "0.4.2",
          "resolved": "https://registry.npmjs.org/clean-css/-/clean-css-0.4.2.tgz",
          "integrity": "sha1-texnG2z3jwEPw5eyDa6r9ymlRUk=",
          "requires": {
            "optimist": "0.3.7"
          }
        },
        "colors": {
          "version": "0.6.0-1",
          "resolved": "https://registry.npmjs.org/colors/-/colors-0.6.0-1.tgz",
          "integrity": "sha1-bbtozri8YPKzE9zFzhWZ8G0Z5no="
        },
        "commander": {
          "version": "0.6.1",
          "resolved": "https://registry.npmjs.org/commander/-/commander-0.6.1.tgz",
          "integrity": "sha1-+mihT2qUXVTbvlDYzbMyDp47GgY="
        },
        "connect": {
          "version": "2.4.5",
          "resolved": "https://registry.npmjs.org/connect/-/connect-2.4.5.tgz",
          "integrity": "sha1-zUQbcvrAlR5zUnwe7Mhutb9dyj8=",
          "requires": {
            "bytes": "0.1.0",
            "cookie": "0.0.4",
            "crc": "0.2.0",
            "debug": "2.2.0",
            "formidable": "1.0.11",
            "fresh": "0.1.0",
            "pause": "0.0.1",
            "qs": "0.4.2",
            "send": "0.0.4"
          }
        },
        "connect-redis": {
          "version": "1.4.4",
          "resolved": "https://registry.npmjs.org/connect-redis/-/connect-redis-1.4.4.tgz",
          "integrity": "sha1-smMK6KCvNIGQyOydqxTGmrnldkc=",
          "requires": {
            "debug": "2.2.0",
            "redis": "0.8.1"
          }
        },
        "cookie": {
          "version": "0.0.4",
          "resolved": "https://registry.npmjs.org/cookie/-/cookie-0.0.4.tgz",
          "integrity": "sha1-VFa9R67iZm6sl26oCmEFlASD/pg="
        },
        "crc": {
          "version": "0.2.0",
          "resolved": "https://registry.npmjs.org/crc/-/crc-0.2.0.tgz",
          "integrity": "sha1-9Ehrm/ChLfg8P8oU4x4DD9q9lFQ="
        },
        "engine.io": {
          "version": "0.7.9",
          "resolved": "https://registry.npmjs.org/engine.io/-/engine.io-0.7.9.tgz",
          "integrity": "sha1-DHn8LOQpv2vgT5U63wxO/ljo3b0=",
          "requires": {
            "base64id": "0.1.0",
            "debug": "0.6.0",
            "engine.io-parser": "0.3.0",
            "ws": "https://github.com/TooTallNate/ws/archive/0cb9fe7a21a7a7c200f68b57916d1d62b66082a1.tar.gz"
          },
          "dependencies": {
            "debug": {
              "version": "0.6.0",
              "resolved": "https://registry.npmjs.org/debug/-/debug-0.6.0.tgz",
              "integrity": "sha1-zp1dAl1SlLPwdIpJS+uvPJ/Yc08="
            }
          }
        },
        "engine.io-parser": {
          "version": "0.3.0",
          "resolved": "https://registry.npmjs.org/engine.io-parser/-/engine.io-parser-0.3.0.tgz",
          "integrity": "sha1-Z/pA27xK4BtR3arafer3XsosUGE="
        },
        "eventemitter2": {
          "version": "0.4.9",
          "resolved": "https://registry.npmjs.org/eventemitter2/-/eventemitter2-0.4.9.tgz",
          "integrity": "sha1-COrBgelEtIVdhtfL2s0M4RirmvA="
        },
        "fresh": {
          "version": "0.1.0",
          "resolved": "https://registry.npmjs.org/fresh/-/fresh-0.1.0.tgz",
          "integrity": "sha1-A+SwF4Qk5MLV0ZpU2IFM3JeTSFA="
        },
        "mime": {
          "version": "1.2.6",
          "resolved": "https://registry.npmjs.org/mime/-/mime-1.2.6.tgz",
          "integrity": "sha1-sfhsdowCX6h7SAdfFwnyiuryA2U="
        },
        "nan": {
          "version": "0.3.2",
          "resolved": "https://registry.npmjs.org/nan/-/nan-0.3.2.tgz",
          "integrity": "sha1-DfGTXKsVNpB17xYK0olBB6oU3C0="
        },
        "qs": {
          "version": "0.4.2",
          "resolved": "https://registry.npmjs.org/qs/-/qs-0.4.2.tgz",
          "integrity": "sha1-PKxMhh43GoycR3CsI82o3mObjl8="
        },
        "range-parser": {
          "version": "0.0.4",
          "resolved": "https://registry.npmjs.org/range-parser/-/range-parser-0.0.4.tgz",
          "integrity": "sha1-wEJ//vUcEKy6B4KkbJYC50T/Ygs="
        },
        "redis": {
          "version": "0.8.1",
          "resolved": "https://registry.npmjs.org/redis/-/redis-0.8.1.tgz",
          "integrity": "sha1-FZ8hMFmaL3GeRLA/C0t2EvmS/LI="
        },
        "send": {
          "version": "0.0.4",
          "resolved": "https://registry.npmjs.org/send/-/send-0.0.4.tgz",
          "integrity": "sha1-LUz3mxifzQlhDhMCUQrJsOTd6AA=",
          "requires": {
            "debug": "2.2.0",
            "fresh": "0.1.0",
            "mime": "1.2.6",
            "range-parser": "0.0.4"
          }
        },
        "uglify-js": {
          "version": "1.3.3",
          "resolved": "https://registry.npmjs.org/uglify-js/-/uglify-js-1.3.3.tgz",
          "integrity": "sha1-3dPpiqJ/X0flic+z+VzduiYJYZA="
        },
        "ws": {
          "version": "https://github.com/TooTallNate/ws/archive/0cb9fe7a21a7a7c200f68b57916d1d62b66082a1.tar.gz",
          "integrity": "sha1-1JSOx57DuwdFjqUAPgVgtBz7ebo=",
          "requires": {
            "commander": "0.6.1",
            "nan": "0.3.2",
            "options": "0.0.6",
            "tinycolor": "0.0.1"
          }
        }
      }
    },
    "socks": {
      "version": "https://registry.npmjs.org/socks/-/socks-1.1.9.tgz",
      "integrity": "sha1-Yo1+TQSRJDVEWsC25Fk3bLPm1pE=",
      "requires": {
        "ip": "https://registry.npmjs.org/ip/-/ip-1.1.4.tgz",
        "smart-buffer": "https://registry.npmjs.org/smart-buffer/-/smart-buffer-1.1.15.tgz"
      }
    },
    "ss-clientjade": {
      "version": "0.0.5",
      "resolved": "https://registry.npmjs.org/ss-clientjade/-/ss-clientjade-0.0.5.tgz",
      "integrity": "sha1-J28pBEvjkORtyrNA7McftC+XDmY=",
      "requires": {
        "jade": "0.26.3"
      }
    },
    "ss-jade": {
      "version": "0.1.3",
      "resolved": "https://registry.npmjs.org/ss-jade/-/ss-jade-0.1.3.tgz",
      "integrity": "sha1-CNU8peRi5Uxg6sTZ2z5ksL9PF08=",
      "requires": {
        "jade": "0.27.7"
      },
      "dependencies": {
        "coffee-script": {
          "version": "1.4.0",
          "resolved": "https://registry.npmjs.org/coffee-script/-/coffee-script-1.4.0.tgz",
          "integrity": "sha1-XjvIqsJsAajie/EHcixWVfWtfTY="
        },
        "commander": {
          "version": "0.6.1",
          "resolved": "https://registry.npmjs.org/commander/-/commander-0.6.1.tgz",
          "integrity": "sha1-+mihT2qUXVTbvlDYzbMyDp47GgY="
        },
        "jade": {
          "version": "0.27.7",
          "resolved": "https://registry.npmjs.org/jade/-/jade-0.27.7.tgz",
          "integrity": "sha1-sVfjEzeJpXJMvd3UU0HHWQ2pJ6o=",
          "requires": {
            "coffee-script": "1.4.0",
            "commander": "0.6.1",
            "mkdirp": "0.3.0"
          }
        }
      }
    },
    "ss-latest-coffee": {
      "version": "0.1.4",
      "resolved": "https://registry.npmjs.org/ss-latest-coffee/-/ss-latest-coffee-0.1.4.tgz",
      "integrity": "sha1-mJTZMnntMV6okliOgq9ijrXI7+o=",
      "requires": {
        "coffee-script": "1.12.6"
      },
      "dependencies": {
        "coffee-script": {
          "version": "1.12.6",
          "resolved": "https://registry.npmjs.org/coffee-script/-/coffee-script-1.12.6.tgz",
          "integrity": "sha1-KFo/cRVokGUGTWv570Vy22ZpXL8="
        }
      }
    },
    "ss-stylus": {
      "version": "0.1.9",
      "resolved": "https://registry.npmjs.org/ss-stylus/-/ss-stylus-0.1.9.tgz",
      "integrity": "sha1-8fvzhVCgBsiIqxdAX+K4fmpljQI=",
      "requires": {
        "nib": "1.0.4",
        "stylus": "0.49.2"
      }
    },
    "stream-transform": {
      "version": "0.1.2",
      "resolved": "https://registry.npmjs.org/stream-transform/-/stream-transform-0.1.2.tgz",
      "integrity": "sha1-fY5rTgOsR4F3j4x5UXUBv7B2Kp8="
    },
    "string_decoder": {
      "version": "1.0.3",
      "resolved": "https://registry.npmjs.org/string_decoder/-/string_decoder-1.0.3.tgz",
      "integrity": "sha512-4AH6Z5fzNNBcH+6XDMfA/BTt87skxqJlO0lAh3Dker5zThcAxG6mKz+iGu308UKoPPQ8Dcqx/4JhujzltRa+hQ==",
      "requires": {
        "safe-buffer": "5.1.1"
      }
    },
    "stylus": {
      "version": "0.49.2",
      "resolved": "https://registry.npmjs.org/stylus/-/stylus-0.49.2.tgz",
      "integrity": "sha1-xyqeqdkE0kuwfI/WCearwoYgAAo=",
      "requires": {
        "css-parse": "1.7.0",
        "debug": "2.2.0",
        "glob": "3.2.11",
        "mkdirp": "0.3.0",
        "sax": "0.5.8",
        "source-map": "0.1.43"
      },
      "dependencies": {
        "glob": {
          "version": "3.2.11",
          "resolved": "https://registry.npmjs.org/glob/-/glob-3.2.11.tgz",
          "integrity": "sha1-Spc/Y1uRkPcV0QmH1cAP0oFevj0=",
          "requires": {
            "inherits": "2.0.3",
            "minimatch": "0.3.0"
          }
        },
        "minimatch": {
          "version": "0.3.0",
          "resolved": "https://registry.npmjs.org/minimatch/-/minimatch-0.3.0.tgz",
          "integrity": "sha1-J12O2qxPG7MyZHIInnlJyDlGmd0=",
          "requires": {
            "lru-cache": "2.7.3",
            "sigmund": "1.0.1"
          }
        },
        "source-map": {
          "version": "0.1.43",
          "resolved": "https://registry.npmjs.org/source-map/-/source-map-0.1.43.tgz",
          "integrity": "sha1-wkvBRspRfBRx9drL4lcbK3+eM0Y=",
          "requires": {
            "amdefine": "1.0.1"
          }
        }
      }
    },
    "tinycolor": {
      "version": "0.0.1",
      "resolved": "https://registry.npmjs.org/tinycolor/-/tinycolor-0.0.1.tgz",
      "integrity": "sha1-MgtaUtg6u1l42Bo+iH1K77FaYWQ="
    },
    "underscore": {
      "version": "https://registry.npmjs.org/underscore/-/underscore-1.7.0.tgz",
      "integrity": "sha1-a7rwh3UA02vjTsqlhODbn+8DUgk="
    },
    "util-deprecate": {
      "version": "1.0.2",
      "resolved": "https://registry.npmjs.org/util-deprecate/-/util-deprecate-1.0.2.tgz",
      "integrity": "sha1-RQ1Nyfpw3nMnYvvS1KKJgUGaDM8="
    },
    "wordwrap": {
      "version": "0.0.2",
      "resolved": "https://registry.npmjs.org/wordwrap/-/wordwrap-0.0.2.tgz",
      "integrity": "sha1-t5Zpu0LstAn4PVg8rVLKF+qhZD8="
    }
  }
}
